// !$*UTF8*$!
{
	archiveVersion = 1;
	classes = {
	};
	objectVersion = 46;
	objects = {

/* Begin PBXBuildFile section */
		417FB3657C7BE2ABB8E032E3 /* Pods_ladeBilen.framework in Frameworks */ = {isa = PBXBuildFile; fileRef = CBE7FF5E7AF48C454404FE8B /* Pods_ladeBilen.framework */; };
		8314E2301EF435CF00F98E3F /* GoogleService-Info.plist in Resources */ = {isa = PBXBuildFile; fileRef = 8314E22F1EF435CF00F98E3F /* GoogleService-Info.plist */; };
		8314E2321EF44DA300F98E3F /* styleExtentions.swift in Sources */ = {isa = PBXBuildFile; fileRef = 8314E2311EF44DA300F98E3F /* styleExtentions.swift */; };
		8314E2351EF44E3400F98E3F /* welcomeViewController.swift in Sources */ = {isa = PBXBuildFile; fileRef = 8314E2341EF44E3400F98E3F /* welcomeViewController.swift */; };
		8342E17E1EED87010079888F /* settingsViewController.swift in Sources */ = {isa = PBXBuildFile; fileRef = 8342E17D1EED87010079888F /* settingsViewController.swift */; };
		8342E1801EED87170079888F /* searchViewController.swift in Sources */ = {isa = PBXBuildFile; fileRef = 8342E17F1EED87170079888F /* searchViewController.swift */; };
		83469A881EEB0DF400D9AFC1 /* homeViewController.swift in Sources */ = {isa = PBXBuildFile; fileRef = 83469A871EEB0DF400D9AFC1 /* homeViewController.swift */; };
		83469A8A1EEB0E0600D9AFC1 /* favoritesViewController.swift in Sources */ = {isa = PBXBuildFile; fileRef = 83469A891EEB0E0600D9AFC1 /* favoritesViewController.swift */; };
		83498D1C1EEB0B8300C3D92A /* navViewController.swift in Sources */ = {isa = PBXBuildFile; fileRef = 83498D1B1EEB0B8300C3D92A /* navViewController.swift */; };
		835413621F82F461000A70CB /* Main.storyboard in Resources */ = {isa = PBXBuildFile; fileRef = 83F3547A1EEB0696001A278A /* Main.storyboard */; };
		835413731F82F550000A70CB /* Type_1.png in Resources */ = {isa = PBXBuildFile; fileRef = 835413631F82F546000A70CB /* Type_1.png */; };
		835413741F82F550000A70CB /* CHAdeMO.png in Resources */ = {isa = PBXBuildFile; fileRef = 835413641F82F547000A70CB /* CHAdeMO.png */; };
		835413751F82F550000A70CB /* appicon_test.png in Resources */ = {isa = PBXBuildFile; fileRef = 835413651F82F547000A70CB /* appicon_test.png */; };
		835413761F82F550000A70CB /* Love_Neutral_3x.png in Resources */ = {isa = PBXBuildFile; fileRef = 835413661F82F547000A70CB /* Love_Neutral_3x.png */; };
		835413771F82F550000A70CB /* CCS.png in Resources */ = {isa = PBXBuildFile; fileRef = 835413671F82F548000A70CB /* CCS.png */; };
		835413781F82F550000A70CB /* IEC_60309_3-pin_type_1.png in Resources */ = {isa = PBXBuildFile; fileRef = 835413681F82F548000A70CB /* IEC_60309_3-pin_type_1.png */; };
		835413791F82F550000A70CB /* no_image.png in Resources */ = {isa = PBXBuildFile; fileRef = 835413691F82F549000A70CB /* no_image.png */; };
		8354137A1F82F550000A70CB /* xblogg130708sommer.jpg.pagespeed.ic.b6H3_U7zK2.jpg in Resources */ = {isa = PBXBuildFile; fileRef = 8354136A1F82F54A000A70CB /* xblogg130708sommer.jpg.pagespeed.ic.b6H3_U7zK2.jpg */; };
		8354137B1F82F550000A70CB /* clouds.png in Resources */ = {isa = PBXBuildFile; fileRef = 8354136B1F82F54A000A70CB /* clouds.png */; };
		8354137C1F82F550000A70CB /* car.png in Resources */ = {isa = PBXBuildFile; fileRef = 8354136C1F82F54B000A70CB /* car.png */; };
		8354137D1F82F550000A70CB /* IEC_60309_5-pin_type_1.png in Resources */ = {isa = PBXBuildFile; fileRef = 8354136D1F82F54C000A70CB /* IEC_60309_5-pin_type_1.png */; };
		8354137E1F82F550000A70CB /* Magnifier_3x.png in Resources */ = {isa = PBXBuildFile; fileRef = 8354136E1F82F54D000A70CB /* Magnifier_3x.png */; };
		8354137F1F82F550000A70CB /* Location_Icon_2x.png in Resources */ = {isa = PBXBuildFile; fileRef = 8354136F1F82F54D000A70CB /* Location_Icon_2x.png */; };
		835413801F82F550000A70CB /* PICOL_icon_Settings.png in Resources */ = {isa = PBXBuildFile; fileRef = 835413701F82F54E000A70CB /* PICOL_icon_Settings.png */; };
		835413811F82F550000A70CB /* Schuko_CEE_7_4.png in Resources */ = {isa = PBXBuildFile; fileRef = 835413711F82F54F000A70CB /* Schuko_CEE_7_4.png */; };
		835413821F82F550000A70CB /* Type_2.png in Resources */ = {isa = PBXBuildFile; fileRef = 835413721F82F54F000A70CB /* Type_2.png */; };
		8381A7421F20E6C700F093A6 /* stationsViewController.swift in Sources */ = {isa = PBXBuildFile; fileRef = 8381A7411F20E6C700F093A6 /* stationsViewController.swift */; };
		8385F8C21F00614400619110 /* swipeControllerRefrence.swift in Sources */ = {isa = PBXBuildFile; fileRef = 8385F8C11F00614400619110 /* swipeControllerRefrence.swift */; };
		8385F8C71F008C8700619110 /* loginViewController.swift in Sources */ = {isa = PBXBuildFile; fileRef = 8385F8C51F007ABC00619110 /* loginViewController.swift */; };
		838F70911F005E230076019A /* playgroundViewController.swift in Sources */ = {isa = PBXBuildFile; fileRef = 838F70901F005E230076019A /* playgroundViewController.swift */; };
		83ADDDEB1EF803E9006A6D2D /* welcomeNewViewController.swift in Sources */ = {isa = PBXBuildFile; fileRef = 83ADDDEA1EF803E9006A6D2D /* welcomeNewViewController.swift */; };
		83B720221EF7068F00AD00DE /* detailedSettingsTableViewController.swift in Sources */ = {isa = PBXBuildFile; fileRef = 83B720211EF7068F00AD00DE /* detailedSettingsTableViewController.swift */; };
		83B720241EF7119B00AD00DE /* editSettingsViewController.swift in Sources */ = {isa = PBXBuildFile; fileRef = 83B720231EF7119B00AD00DE /* editSettingsViewController.swift */; };
		83CB041E1F0199C600466503 /* testApiViewController.swift in Sources */ = {isa = PBXBuildFile; fileRef = 83CB041D1F0199C600466503 /* testApiViewController.swift */; };
		83F354771EEB0696001A278A /* AppDelegate.swift in Sources */ = {isa = PBXBuildFile; fileRef = 83F354761EEB0696001A278A /* AppDelegate.swift */; };
		83F354791EEB0696001A278A /* ViewController.swift in Sources */ = {isa = PBXBuildFile; fileRef = 83F354781EEB0696001A278A /* ViewController.swift */; };
		83F3547E1EEB0696001A278A /* Assets.xcassets in Resources */ = {isa = PBXBuildFile; fileRef = 83F3547D1EEB0696001A278A /* Assets.xcassets */; };
		83F354811EEB0696001A278A /* LaunchScreen.storyboard in Resources */ = {isa = PBXBuildFile; fileRef = 83F3547F1EEB0696001A278A /* LaunchScreen.storyboard */; };
		83F3548C1EEB0697001A278A /* ladeBilenTests.swift in Sources */ = {isa = PBXBuildFile; fileRef = 83F3548B1EEB0697001A278A /* ladeBilenTests.swift */; };
		83F354971EEB0697001A278A /* ladeBilenUITests.swift in Sources */ = {isa = PBXBuildFile; fileRef = 83F354961EEB0697001A278A /* ladeBilenUITests.swift */; };
		AF3F3AAA148AB995D9D565AE /* Pods_ladeBilenTests.framework in Frameworks */ = {isa = PBXBuildFile; fileRef = F4FD70E2300928D5DD5CA905 /* Pods_ladeBilenTests.framework */; };
		C80FCBA5A734B9589C5D8F32 /* Pods_ladeBilenUITests.framework in Frameworks */ = {isa = PBXBuildFile; fileRef = 20189C346CDCFD95DE48E18F /* Pods_ladeBilenUITests.framework */; };
/* End PBXBuildFile section */

/* Begin PBXContainerItemProxy section */
		83F354881EEB0697001A278A /* PBXContainerItemProxy */ = {
			isa = PBXContainerItemProxy;
			containerPortal = 83F3546B1EEB0696001A278A /* Project object */;
			proxyType = 1;
			remoteGlobalIDString = 83F354721EEB0696001A278A;
			remoteInfo = ladeBilen;
		};
		83F354931EEB0697001A278A /* PBXContainerItemProxy */ = {
			isa = PBXContainerItemProxy;
			containerPortal = 83F3546B1EEB0696001A278A /* Project object */;
			proxyType = 1;
			remoteGlobalIDString = 83F354721EEB0696001A278A;
			remoteInfo = ladeBilen;
		};
/* End PBXContainerItemProxy section */

/* Begin PBXFileReference section */
		195161A362649329F8C1E31F /* Pods-ladeBilenTests.release.xcconfig */ = {isa = PBXFileReference; includeInIndex = 1; lastKnownFileType = text.xcconfig; name = "Pods-ladeBilenTests.release.xcconfig"; path = "Pods/Target Support Files/Pods-ladeBilenTests/Pods-ladeBilenTests.release.xcconfig"; sourceTree = "<group>"; };
		20189C346CDCFD95DE48E18F /* Pods_ladeBilenUITests.framework */ = {isa = PBXFileReference; explicitFileType = wrapper.framework; includeInIndex = 0; path = Pods_ladeBilenUITests.framework; sourceTree = BUILT_PRODUCTS_DIR; };
		56C3BD95A982F1DB28336552 /* Pods-ladeBilen.debug.xcconfig */ = {isa = PBXFileReference; includeInIndex = 1; lastKnownFileType = text.xcconfig; name = "Pods-ladeBilen.debug.xcconfig"; path = "Pods/Target Support Files/Pods-ladeBilen/Pods-ladeBilen.debug.xcconfig"; sourceTree = "<group>"; };
		71177A21211319348367BC64 /* Pods-ladeBilenTests.debug.xcconfig */ = {isa = PBXFileReference; includeInIndex = 1; lastKnownFileType = text.xcconfig; name = "Pods-ladeBilenTests.debug.xcconfig"; path = "Pods/Target Support Files/Pods-ladeBilenTests/Pods-ladeBilenTests.debug.xcconfig"; sourceTree = "<group>"; };
		8314E22F1EF435CF00F98E3F /* GoogleService-Info.plist */ = {isa = PBXFileReference; fileEncoding = 4; lastKnownFileType = text.plist.xml; path = "GoogleService-Info.plist"; sourceTree = "<group>"; };
		8314E2311EF44DA300F98E3F /* styleExtentions.swift */ = {isa = PBXFileReference; fileEncoding = 4; lastKnownFileType = sourcecode.swift; path = styleExtentions.swift; sourceTree = "<group>"; };
		8314E2341EF44E3400F98E3F /* welcomeViewController.swift */ = {isa = PBXFileReference; fileEncoding = 4; lastKnownFileType = sourcecode.swift; path = welcomeViewController.swift; sourceTree = "<group>"; };
		8342E17D1EED87010079888F /* settingsViewController.swift */ = {isa = PBXFileReference; fileEncoding = 4; lastKnownFileType = sourcecode.swift; path = settingsViewController.swift; sourceTree = "<group>"; };
		8342E17F1EED87170079888F /* searchViewController.swift */ = {isa = PBXFileReference; fileEncoding = 4; lastKnownFileType = sourcecode.swift; path = searchViewController.swift; sourceTree = "<group>"; };
		83469A871EEB0DF400D9AFC1 /* homeViewController.swift */ = {isa = PBXFileReference; fileEncoding = 4; lastKnownFileType = sourcecode.swift; path = homeViewController.swift; sourceTree = "<group>"; };
		83469A891EEB0E0600D9AFC1 /* favoritesViewController.swift */ = {isa = PBXFileReference; fileEncoding = 4; lastKnownFileType = sourcecode.swift; path = favoritesViewController.swift; sourceTree = "<group>"; };
		83498D1B1EEB0B8300C3D92A /* navViewController.swift */ = {isa = PBXFileReference; fileEncoding = 4; lastKnownFileType = sourcecode.swift; path = navViewController.swift; sourceTree = "<group>"; };
		835413631F82F546000A70CB /* Type_1.png */ = {isa = PBXFileReference; lastKnownFileType = image.png; path = Type_1.png; sourceTree = "<group>"; };
		835413641F82F547000A70CB /* CHAdeMO.png */ = {isa = PBXFileReference; lastKnownFileType = image.png; path = CHAdeMO.png; sourceTree = "<group>"; };
		835413651F82F547000A70CB /* appicon_test.png */ = {isa = PBXFileReference; lastKnownFileType = image.png; path = appicon_test.png; sourceTree = "<group>"; };
		835413661F82F547000A70CB /* Love_Neutral_3x.png */ = {isa = PBXFileReference; lastKnownFileType = image.png; path = Love_Neutral_3x.png; sourceTree = "<group>"; };
		835413671F82F548000A70CB /* CCS.png */ = {isa = PBXFileReference; lastKnownFileType = image.png; path = CCS.png; sourceTree = "<group>"; };
		835413681F82F548000A70CB /* IEC_60309_3-pin_type_1.png */ = {isa = PBXFileReference; lastKnownFileType = image.png; path = "IEC_60309_3-pin_type_1.png"; sourceTree = "<group>"; };
		835413691F82F549000A70CB /* no_image.png */ = {isa = PBXFileReference; lastKnownFileType = image.png; path = no_image.png; sourceTree = "<group>"; };
		8354136A1F82F54A000A70CB /* xblogg130708sommer.jpg.pagespeed.ic.b6H3_U7zK2.jpg */ = {isa = PBXFileReference; lastKnownFileType = image.jpeg; path = xblogg130708sommer.jpg.pagespeed.ic.b6H3_U7zK2.jpg; sourceTree = "<group>"; };
		8354136B1F82F54A000A70CB /* clouds.png */ = {isa = PBXFileReference; lastKnownFileType = image.png; path = clouds.png; sourceTree = "<group>"; };
		8354136C1F82F54B000A70CB /* car.png */ = {isa = PBXFileReference; lastKnownFileType = image.png; path = car.png; sourceTree = "<group>"; };
		8354136D1F82F54C000A70CB /* IEC_60309_5-pin_type_1.png */ = {isa = PBXFileReference; lastKnownFileType = image.png; path = "IEC_60309_5-pin_type_1.png"; sourceTree = "<group>"; };
		8354136E1F82F54D000A70CB /* Magnifier_3x.png */ = {isa = PBXFileReference; lastKnownFileType = image.png; path = Magnifier_3x.png; sourceTree = "<group>"; };
		8354136F1F82F54D000A70CB /* Location_Icon_2x.png */ = {isa = PBXFileReference; lastKnownFileType = image.png; path = Location_Icon_2x.png; sourceTree = "<group>"; };
		835413701F82F54E000A70CB /* PICOL_icon_Settings.png */ = {isa = PBXFileReference; lastKnownFileType = image.png; path = PICOL_icon_Settings.png; sourceTree = "<group>"; };
		835413711F82F54F000A70CB /* Schuko_CEE_7_4.png */ = {isa = PBXFileReference; lastKnownFileType = image.png; path = Schuko_CEE_7_4.png; sourceTree = "<group>"; };
		835413721F82F54F000A70CB /* Type_2.png */ = {isa = PBXFileReference; lastKnownFileType = image.png; path = Type_2.png; sourceTree = "<group>"; };
		8381A7411F20E6C700F093A6 /* stationsViewController.swift */ = {isa = PBXFileReference; fileEncoding = 4; lastKnownFileType = sourcecode.swift; path = stationsViewController.swift; sourceTree = "<group>"; };
		8385F8C11F00614400619110 /* swipeControllerRefrence.swift */ = {isa = PBXFileReference; fileEncoding = 4; lastKnownFileType = sourcecode.swift; path = swipeControllerRefrence.swift; sourceTree = "<group>"; };
		8385F8C51F007ABC00619110 /* loginViewController.swift */ = {isa = PBXFileReference; fileEncoding = 4; lastKnownFileType = sourcecode.swift; path = loginViewController.swift; sourceTree = "<group>"; wrapsLines = 1; };
		838F70901F005E230076019A /* playgroundViewController.swift */ = {isa = PBXFileReference; fileEncoding = 4; lastKnownFileType = sourcecode.swift; path = playgroundViewController.swift; sourceTree = "<group>"; };
		83ADDDEA1EF803E9006A6D2D /* welcomeNewViewController.swift */ = {isa = PBXFileReference; fileEncoding = 4; lastKnownFileType = sourcecode.swift; path = welcomeNewViewController.swift; sourceTree = "<group>"; };
		83B720211EF7068F00AD00DE /* detailedSettingsTableViewController.swift */ = {isa = PBXFileReference; fileEncoding = 4; lastKnownFileType = sourcecode.swift; path = detailedSettingsTableViewController.swift; sourceTree = "<group>"; };
		83B720231EF7119B00AD00DE /* editSettingsViewController.swift */ = {isa = PBXFileReference; fileEncoding = 4; lastKnownFileType = sourcecode.swift; path = editSettingsViewController.swift; sourceTree = "<group>"; };
		83CB041D1F0199C600466503 /* testApiViewController.swift */ = {isa = PBXFileReference; fileEncoding = 4; lastKnownFileType = sourcecode.swift; path = testApiViewController.swift; sourceTree = "<group>"; };
		83F354731EEB0696001A278A /* ladeBilen.app */ = {isa = PBXFileReference; explicitFileType = wrapper.application; includeInIndex = 0; path = ladeBilen.app; sourceTree = BUILT_PRODUCTS_DIR; };
		83F354761EEB0696001A278A /* AppDelegate.swift */ = {isa = PBXFileReference; lastKnownFileType = sourcecode.swift; path = AppDelegate.swift; sourceTree = "<group>"; };
		83F354781EEB0696001A278A /* ViewController.swift */ = {isa = PBXFileReference; lastKnownFileType = sourcecode.swift; path = ViewController.swift; sourceTree = "<group>"; };
		83F3547B1EEB0696001A278A /* Base */ = {isa = PBXFileReference; lastKnownFileType = file.storyboard; name = Base; path = Base.lproj/Main.storyboard; sourceTree = "<group>"; };
		83F3547D1EEB0696001A278A /* Assets.xcassets */ = {isa = PBXFileReference; lastKnownFileType = folder.assetcatalog; path = Assets.xcassets; sourceTree = "<group>"; };
		83F354801EEB0696001A278A /* Base */ = {isa = PBXFileReference; lastKnownFileType = file.storyboard; name = Base; path = Base.lproj/LaunchScreen.storyboard; sourceTree = "<group>"; };
		83F354821EEB0696001A278A /* Info.plist */ = {isa = PBXFileReference; lastKnownFileType = text.plist.xml; path = Info.plist; sourceTree = "<group>"; };
		83F354871EEB0697001A278A /* ladeBilenTests.xctest */ = {isa = PBXFileReference; explicitFileType = wrapper.cfbundle; includeInIndex = 0; path = ladeBilenTests.xctest; sourceTree = BUILT_PRODUCTS_DIR; };
		83F3548B1EEB0697001A278A /* ladeBilenTests.swift */ = {isa = PBXFileReference; lastKnownFileType = sourcecode.swift; path = ladeBilenTests.swift; sourceTree = "<group>"; };
		83F3548D1EEB0697001A278A /* Info.plist */ = {isa = PBXFileReference; lastKnownFileType = text.plist.xml; path = Info.plist; sourceTree = "<group>"; };
		83F354921EEB0697001A278A /* ladeBilenUITests.xctest */ = {isa = PBXFileReference; explicitFileType = wrapper.cfbundle; includeInIndex = 0; path = ladeBilenUITests.xctest; sourceTree = BUILT_PRODUCTS_DIR; };
		83F354961EEB0697001A278A /* ladeBilenUITests.swift */ = {isa = PBXFileReference; lastKnownFileType = sourcecode.swift; path = ladeBilenUITests.swift; sourceTree = "<group>"; };
		83F354981EEB0697001A278A /* Info.plist */ = {isa = PBXFileReference; lastKnownFileType = text.plist.xml; path = Info.plist; sourceTree = "<group>"; };
		A11AA552B6632E680D391088 /* Pods-ladeBilenUITests.release.xcconfig */ = {isa = PBXFileReference; includeInIndex = 1; lastKnownFileType = text.xcconfig; name = "Pods-ladeBilenUITests.release.xcconfig"; path = "Pods/Target Support Files/Pods-ladeBilenUITests/Pods-ladeBilenUITests.release.xcconfig"; sourceTree = "<group>"; };
		CBE7FF5E7AF48C454404FE8B /* Pods_ladeBilen.framework */ = {isa = PBXFileReference; explicitFileType = wrapper.framework; includeInIndex = 0; path = Pods_ladeBilen.framework; sourceTree = BUILT_PRODUCTS_DIR; };
		DC9EF150DA9B89419D446B17 /* Pods-ladeBilen.release.xcconfig */ = {isa = PBXFileReference; includeInIndex = 1; lastKnownFileType = text.xcconfig; name = "Pods-ladeBilen.release.xcconfig"; path = "Pods/Target Support Files/Pods-ladeBilen/Pods-ladeBilen.release.xcconfig"; sourceTree = "<group>"; };
		DFCF9A4B9C38A92BB5C6750D /* Pods-ladeBilenUITests.debug.xcconfig */ = {isa = PBXFileReference; includeInIndex = 1; lastKnownFileType = text.xcconfig; name = "Pods-ladeBilenUITests.debug.xcconfig"; path = "Pods/Target Support Files/Pods-ladeBilenUITests/Pods-ladeBilenUITests.debug.xcconfig"; sourceTree = "<group>"; };
		F4FD70E2300928D5DD5CA905 /* Pods_ladeBilenTests.framework */ = {isa = PBXFileReference; explicitFileType = wrapper.framework; includeInIndex = 0; path = Pods_ladeBilenTests.framework; sourceTree = BUILT_PRODUCTS_DIR; };
/* End PBXFileReference section */

/* Begin PBXFrameworksBuildPhase section */
		83F354701EEB0696001A278A /* Frameworks */ = {
			isa = PBXFrameworksBuildPhase;
			buildActionMask = 2147483647;
			files = (
				417FB3657C7BE2ABB8E032E3 /* Pods_ladeBilen.framework in Frameworks */,
			);
			runOnlyForDeploymentPostprocessing = 0;
		};
		83F354841EEB0697001A278A /* Frameworks */ = {
			isa = PBXFrameworksBuildPhase;
			buildActionMask = 2147483647;
			files = (
				AF3F3AAA148AB995D9D565AE /* Pods_ladeBilenTests.framework in Frameworks */,
			);
			runOnlyForDeploymentPostprocessing = 0;
		};
		83F3548F1EEB0697001A278A /* Frameworks */ = {
			isa = PBXFrameworksBuildPhase;
			buildActionMask = 2147483647;
			files = (
				C80FCBA5A734B9589C5D8F32 /* Pods_ladeBilenUITests.framework in Frameworks */,
			);
			runOnlyForDeploymentPostprocessing = 0;
		};
/* End PBXFrameworksBuildPhase section */

/* Begin PBXGroup section */
		835413351F82EB86000A70CB /* Playground */ = {
			isa = PBXGroup;
			children = (
				838F70901F005E230076019A /* playgroundViewController.swift */,
				8385F8C51F007ABC00619110 /* loginViewController.swift */,
				83CB041D1F0199C600466503 /* testApiViewController.swift */,
			);
			path = Playground;
			sourceTree = "<group>";
		};
		835413491F82EFDB000A70CB /* Welcome */ = {
			isa = PBXGroup;
			children = (
				8314E2341EF44E3400F98E3F /* welcomeViewController.swift */,
				83ADDDEA1EF803E9006A6D2D /* welcomeNewViewController.swift */,
			);
			path = Welcome;
			sourceTree = "<group>";
		};
		8354134A1F82F01E000A70CB /* Home */ = {
			isa = PBXGroup;
			children = (
				83469A871EEB0DF400D9AFC1 /* homeViewController.swift */,
				83469A891EEB0E0600D9AFC1 /* favoritesViewController.swift */,
				83498D1B1EEB0B8300C3D92A /* navViewController.swift */,
				8342E17F1EED87170079888F /* searchViewController.swift */,
				8381A7411F20E6C700F093A6 /* stationsViewController.swift */,
			);
			path = Home;
			sourceTree = "<group>";
		};
		8354134D1F82F04A000A70CB /* Settings */ = {
			isa = PBXGroup;
			children = (
				8342E17D1EED87010079888F /* settingsViewController.swift */,
				83B720211EF7068F00AD00DE /* detailedSettingsTableViewController.swift */,
				83B720231EF7119B00AD00DE /* editSettingsViewController.swift */,
			);
			path = Settings;
			sourceTree = "<group>";
		};
		8354134E1F82F0A6000A70CB /* Icons */ = {
			isa = PBXGroup;
			children = (
				835413651F82F547000A70CB /* appicon_test.png */,
				8354136C1F82F54B000A70CB /* car.png */,
				835413671F82F548000A70CB /* CCS.png */,
				835413641F82F547000A70CB /* CHAdeMO.png */,
				8354136B1F82F54A000A70CB /* clouds.png */,
				835413681F82F548000A70CB /* IEC_60309_3-pin_type_1.png */,
				8354136D1F82F54C000A70CB /* IEC_60309_5-pin_type_1.png */,
				8354136F1F82F54D000A70CB /* Location_Icon_2x.png */,
				835413661F82F547000A70CB /* Love_Neutral_3x.png */,
				8354136E1F82F54D000A70CB /* Magnifier_3x.png */,
				835413691F82F549000A70CB /* no_image.png */,
				835413701F82F54E000A70CB /* PICOL_icon_Settings.png */,
				835413711F82F54F000A70CB /* Schuko_CEE_7_4.png */,
				835413631F82F546000A70CB /* Type_1.png */,
				835413721F82F54F000A70CB /* Type_2.png */,
				8354136A1F82F54A000A70CB /* xblogg130708sommer.jpg.pagespeed.ic.b6H3_U7zK2.jpg */,
			);
			path = Icons;
			sourceTree = "<group>";
		};
		835413831F82F6B9000A70CB /* Resources */ = {
			isa = PBXGroup;
			children = (
				8314E2311EF44DA300F98E3F /* styleExtentions.swift */,
				8385F8C11F00614400619110 /* swipeControllerRefrence.swift */,
			);
			path = Resources;
			sourceTree = "<group>";
		};
		83F3546A1EEB0696001A278A = {
			isa = PBXGroup;
			children = (
				83F354751EEB0696001A278A /* ladeBilen */,
				83F3548A1EEB0697001A278A /* ladeBilenTests */,
				83F354951EEB0697001A278A /* ladeBilenUITests */,
				83F354741EEB0696001A278A /* Products */,
				A05DFF1A7DC21554909AC87E /* Pods */,
				FB049DAA8D4B5278F5C66507 /* Frameworks */,
			);
			sourceTree = "<group>";
		};
		83F354741EEB0696001A278A /* Products */ = {
			isa = PBXGroup;
			children = (
				83F354731EEB0696001A278A /* ladeBilen.app */,
				83F354871EEB0697001A278A /* ladeBilenTests.xctest */,
				83F354921EEB0697001A278A /* ladeBilenUITests.xctest */,
			);
			name = Products;
			sourceTree = "<group>";
		};
		83F354751EEB0696001A278A /* ladeBilen */ = {
			isa = PBXGroup;
			children = (
				835413831F82F6B9000A70CB /* Resources */,
				8354134E1F82F0A6000A70CB /* Icons */,
				8354134D1F82F04A000A70CB /* Settings */,
				8354134A1F82F01E000A70CB /* Home */,
				835413491F82EFDB000A70CB /* Welcome */,
				835413351F82EB86000A70CB /* Playground */,
				83F354761EEB0696001A278A /* AppDelegate.swift */,
				83F354781EEB0696001A278A /* ViewController.swift */,
				83F3547A1EEB0696001A278A /* Main.storyboard */,
				83F3547D1EEB0696001A278A /* Assets.xcassets */,
				83F3547F1EEB0696001A278A /* LaunchScreen.storyboard */,
				83F354821EEB0696001A278A /* Info.plist */,
				8314E22F1EF435CF00F98E3F /* GoogleService-Info.plist */,
			);
			path = ladeBilen;
			sourceTree = "<group>";
		};
		83F3548A1EEB0697001A278A /* ladeBilenTests */ = {
			isa = PBXGroup;
			children = (
				83F3548B1EEB0697001A278A /* ladeBilenTests.swift */,
				83F3548D1EEB0697001A278A /* Info.plist */,
			);
			path = ladeBilenTests;
			sourceTree = "<group>";
		};
		83F354951EEB0697001A278A /* ladeBilenUITests */ = {
			isa = PBXGroup;
			children = (
				83F354961EEB0697001A278A /* ladeBilenUITests.swift */,
				83F354981EEB0697001A278A /* Info.plist */,
			);
			path = ladeBilenUITests;
			sourceTree = "<group>";
		};
		A05DFF1A7DC21554909AC87E /* Pods */ = {
			isa = PBXGroup;
			children = (
				56C3BD95A982F1DB28336552 /* Pods-ladeBilen.debug.xcconfig */,
				DC9EF150DA9B89419D446B17 /* Pods-ladeBilen.release.xcconfig */,
				71177A21211319348367BC64 /* Pods-ladeBilenTests.debug.xcconfig */,
				195161A362649329F8C1E31F /* Pods-ladeBilenTests.release.xcconfig */,
				DFCF9A4B9C38A92BB5C6750D /* Pods-ladeBilenUITests.debug.xcconfig */,
				A11AA552B6632E680D391088 /* Pods-ladeBilenUITests.release.xcconfig */,
			);
			name = Pods;
			sourceTree = "<group>";
		};
		FB049DAA8D4B5278F5C66507 /* Frameworks */ = {
			isa = PBXGroup;
			children = (
				CBE7FF5E7AF48C454404FE8B /* Pods_ladeBilen.framework */,
				F4FD70E2300928D5DD5CA905 /* Pods_ladeBilenTests.framework */,
				20189C346CDCFD95DE48E18F /* Pods_ladeBilenUITests.framework */,
			);
			name = Frameworks;
			sourceTree = "<group>";
		};
/* End PBXGroup section */

/* Begin PBXNativeTarget section */
		83F354721EEB0696001A278A /* ladeBilen */ = {
			isa = PBXNativeTarget;
			buildConfigurationList = 83F3549B1EEB0697001A278A /* Build configuration list for PBXNativeTarget "ladeBilen" */;
			buildPhases = (
				365A5A99050873845064042E /* [CP] Check Pods Manifest.lock */,
				83F3546F1EEB0696001A278A /* Sources */,
				83F354701EEB0696001A278A /* Frameworks */,
				83F354711EEB0696001A278A /* Resources */,
				11A08E65CAC7654BFEBBF106 /* [CP] Embed Pods Frameworks */,
				AA15E83CAD451C308E88CB86 /* [CP] Copy Pods Resources */,
			);
			buildRules = (
			);
			dependencies = (
			);
			name = ladeBilen;
			productName = ladeBilen;
			productReference = 83F354731EEB0696001A278A /* ladeBilen.app */;
			productType = "com.apple.product-type.application";
		};
		83F354861EEB0697001A278A /* ladeBilenTests */ = {
			isa = PBXNativeTarget;
			buildConfigurationList = 83F3549E1EEB0697001A278A /* Build configuration list for PBXNativeTarget "ladeBilenTests" */;
			buildPhases = (
				5F5449DE7B049CA95EFB2B80 /* [CP] Check Pods Manifest.lock */,
				83F354831EEB0697001A278A /* Sources */,
				83F354841EEB0697001A278A /* Frameworks */,
				83F354851EEB0697001A278A /* Resources */,
				8A179A3AABC7C7FE9B71C54F /* [CP] Embed Pods Frameworks */,
				E2117BFD871981782668BD14 /* [CP] Copy Pods Resources */,
			);
			buildRules = (
			);
			dependencies = (
				83F354891EEB0697001A278A /* PBXTargetDependency */,
			);
			name = ladeBilenTests;
			productName = ladeBilenTests;
			productReference = 83F354871EEB0697001A278A /* ladeBilenTests.xctest */;
			productType = "com.apple.product-type.bundle.unit-test";
		};
		83F354911EEB0697001A278A /* ladeBilenUITests */ = {
			isa = PBXNativeTarget;
			buildConfigurationList = 83F354A11EEB0697001A278A /* Build configuration list for PBXNativeTarget "ladeBilenUITests" */;
			buildPhases = (
				BCA8EC72F701D1277CC464E8 /* [CP] Check Pods Manifest.lock */,
				83F3548E1EEB0697001A278A /* Sources */,
				83F3548F1EEB0697001A278A /* Frameworks */,
				83F354901EEB0697001A278A /* Resources */,
				E7BBF7AC4233CFD758F07B06 /* [CP] Embed Pods Frameworks */,
				9E56832283D4C144DBD47FD5 /* [CP] Copy Pods Resources */,
			);
			buildRules = (
			);
			dependencies = (
				83F354941EEB0697001A278A /* PBXTargetDependency */,
			);
			name = ladeBilenUITests;
			productName = ladeBilenUITests;
			productReference = 83F354921EEB0697001A278A /* ladeBilenUITests.xctest */;
			productType = "com.apple.product-type.bundle.ui-testing";
		};
/* End PBXNativeTarget section */

/* Begin PBXProject section */
		83F3546B1EEB0696001A278A /* Project object */ = {
			isa = PBXProject;
			attributes = {
				LastSwiftUpdateCheck = 0830;
				LastUpgradeCheck = 0830;
				ORGANIZATIONNAME = "Ludvig Ellevold";
				TargetAttributes = {
					83F354721EEB0696001A278A = {
						CreatedOnToolsVersion = 8.3.3;
						DevelopmentTeam = 2X8N6D5K7V;
						ProvisioningStyle = Automatic;
					};
					83F354861EEB0697001A278A = {
						CreatedOnToolsVersion = 8.3.3;
						DevelopmentTeam = 2X8N6D5K7V;
						ProvisioningStyle = Automatic;
						TestTargetID = 83F354721EEB0696001A278A;
					};
					83F354911EEB0697001A278A = {
						CreatedOnToolsVersion = 8.3.3;
						DevelopmentTeam = 2X8N6D5K7V;
						ProvisioningStyle = Automatic;
						TestTargetID = 83F354721EEB0696001A278A;
					};
				};
			};
			buildConfigurationList = 83F3546E1EEB0696001A278A /* Build configuration list for PBXProject "ladeBilen" */;
			compatibilityVersion = "Xcode 3.2";
			developmentRegion = English;
			hasScannedForEncodings = 0;
			knownRegions = (
				en,
				Base,
			);
			mainGroup = 83F3546A1EEB0696001A278A;
			productRefGroup = 83F354741EEB0696001A278A /* Products */;
			projectDirPath = "";
			projectRoot = "";
			targets = (
				83F354721EEB0696001A278A /* ladeBilen */,
				83F354861EEB0697001A278A /* ladeBilenTests */,
				83F354911EEB0697001A278A /* ladeBilenUITests */,
			);
		};
/* End PBXProject section */

/* Begin PBXResourcesBuildPhase section */
		83F354711EEB0696001A278A /* Resources */ = {
			isa = PBXResourcesBuildPhase;
			buildActionMask = 2147483647;
			files = (
				835413821F82F550000A70CB /* Type_2.png in Resources */,
				8354137C1F82F550000A70CB /* car.png in Resources */,
				835413761F82F550000A70CB /* Love_Neutral_3x.png in Resources */,
				835413731F82F550000A70CB /* Type_1.png in Resources */,
				835413751F82F550000A70CB /* appicon_test.png in Resources */,
				835413771F82F550000A70CB /* CCS.png in Resources */,
				8314E2301EF435CF00F98E3F /* GoogleService-Info.plist in Resources */,
				83F354811EEB0696001A278A /* LaunchScreen.storyboard in Resources */,
				8354137A1F82F550000A70CB /* xblogg130708sommer.jpg.pagespeed.ic.b6H3_U7zK2.jpg in Resources */,
				8354137B1F82F550000A70CB /* clouds.png in Resources */,
				835413741F82F550000A70CB /* CHAdeMO.png in Resources */,
				83F3547E1EEB0696001A278A /* Assets.xcassets in Resources */,
				835413781F82F550000A70CB /* IEC_60309_3-pin_type_1.png in Resources */,
				8354137F1F82F550000A70CB /* Location_Icon_2x.png in Resources */,
				835413801F82F550000A70CB /* PICOL_icon_Settings.png in Resources */,
				835413791F82F550000A70CB /* no_image.png in Resources */,
				835413621F82F461000A70CB /* Main.storyboard in Resources */,
				8354137D1F82F550000A70CB /* IEC_60309_5-pin_type_1.png in Resources */,
				8354137E1F82F550000A70CB /* Magnifier_3x.png in Resources */,
				835413811F82F550000A70CB /* Schuko_CEE_7_4.png in Resources */,
			);
			runOnlyForDeploymentPostprocessing = 0;
		};
		83F354851EEB0697001A278A /* Resources */ = {
			isa = PBXResourcesBuildPhase;
			buildActionMask = 2147483647;
			files = (
			);
			runOnlyForDeploymentPostprocessing = 0;
		};
		83F354901EEB0697001A278A /* Resources */ = {
			isa = PBXResourcesBuildPhase;
			buildActionMask = 2147483647;
			files = (
			);
			runOnlyForDeploymentPostprocessing = 0;
		};
/* End PBXResourcesBuildPhase section */

/* Begin PBXShellScriptBuildPhase section */
		11A08E65CAC7654BFEBBF106 /* [CP] Embed Pods Frameworks */ = {
			isa = PBXShellScriptBuildPhase;
			buildActionMask = 2147483647;
			files = (
			);
			inputPaths = (
			);
			name = "[CP] Embed Pods Frameworks";
			outputPaths = (
			);
			runOnlyForDeploymentPostprocessing = 0;
			shellPath = /bin/sh;
			shellScript = "\"${SRCROOT}/Pods/Target Support Files/Pods-ladeBilen/Pods-ladeBilen-frameworks.sh\"\n";
			showEnvVarsInLog = 0;
		};
		365A5A99050873845064042E /* [CP] Check Pods Manifest.lock */ = {
			isa = PBXShellScriptBuildPhase;
			buildActionMask = 2147483647;
			files = (
			);
			inputPaths = (
			);
			name = "[CP] Check Pods Manifest.lock";
			outputPaths = (
			);
			runOnlyForDeploymentPostprocessing = 0;
			shellPath = /bin/sh;
			shellScript = "diff \"${PODS_ROOT}/../Podfile.lock\" \"${PODS_ROOT}/Manifest.lock\" > /dev/null\nif [ $? != 0 ] ; then\n    # print error to STDERR\n    echo \"error: The sandbox is not in sync with the Podfile.lock. Run 'pod install' or update your CocoaPods installation.\" >&2\n    exit 1\nfi\n";
			showEnvVarsInLog = 0;
		};
		5F5449DE7B049CA95EFB2B80 /* [CP] Check Pods Manifest.lock */ = {
			isa = PBXShellScriptBuildPhase;
			buildActionMask = 2147483647;
			files = (
			);
			inputPaths = (
			);
			name = "[CP] Check Pods Manifest.lock";
			outputPaths = (
			);
			runOnlyForDeploymentPostprocessing = 0;
			shellPath = /bin/sh;
			shellScript = "diff \"${PODS_ROOT}/../Podfile.lock\" \"${PODS_ROOT}/Manifest.lock\" > /dev/null\nif [ $? != 0 ] ; then\n    # print error to STDERR\n    echo \"error: The sandbox is not in sync with the Podfile.lock. Run 'pod install' or update your CocoaPods installation.\" >&2\n    exit 1\nfi\n";
			showEnvVarsInLog = 0;
		};
		8A179A3AABC7C7FE9B71C54F /* [CP] Embed Pods Frameworks */ = {
			isa = PBXShellScriptBuildPhase;
			buildActionMask = 2147483647;
			files = (
			);
			inputPaths = (
			);
			name = "[CP] Embed Pods Frameworks";
			outputPaths = (
			);
			runOnlyForDeploymentPostprocessing = 0;
			shellPath = /bin/sh;
			shellScript = "\"${SRCROOT}/Pods/Target Support Files/Pods-ladeBilenTests/Pods-ladeBilenTests-frameworks.sh\"\n";
			showEnvVarsInLog = 0;
		};
		9E56832283D4C144DBD47FD5 /* [CP] Copy Pods Resources */ = {
			isa = PBXShellScriptBuildPhase;
			buildActionMask = 2147483647;
			files = (
			);
			inputPaths = (
			);
			name = "[CP] Copy Pods Resources";
			outputPaths = (
			);
			runOnlyForDeploymentPostprocessing = 0;
			shellPath = /bin/sh;
			shellScript = "\"${SRCROOT}/Pods/Target Support Files/Pods-ladeBilenUITests/Pods-ladeBilenUITests-resources.sh\"\n";
			showEnvVarsInLog = 0;
		};
		AA15E83CAD451C308E88CB86 /* [CP] Copy Pods Resources */ = {
			isa = PBXShellScriptBuildPhase;
			buildActionMask = 2147483647;
			files = (
			);
			inputPaths = (
			);
			name = "[CP] Copy Pods Resources";
			outputPaths = (
			);
			runOnlyForDeploymentPostprocessing = 0;
			shellPath = /bin/sh;
			shellScript = "\"${SRCROOT}/Pods/Target Support Files/Pods-ladeBilen/Pods-ladeBilen-resources.sh\"\n";
			showEnvVarsInLog = 0;
		};
		BCA8EC72F701D1277CC464E8 /* [CP] Check Pods Manifest.lock */ = {
			isa = PBXShellScriptBuildPhase;
			buildActionMask = 2147483647;
			files = (
			);
			inputPaths = (
			);
			name = "[CP] Check Pods Manifest.lock";
			outputPaths = (
			);
			runOnlyForDeploymentPostprocessing = 0;
			shellPath = /bin/sh;
			shellScript = "diff \"${PODS_ROOT}/../Podfile.lock\" \"${PODS_ROOT}/Manifest.lock\" > /dev/null\nif [ $? != 0 ] ; then\n    # print error to STDERR\n    echo \"error: The sandbox is not in sync with the Podfile.lock. Run 'pod install' or update your CocoaPods installation.\" >&2\n    exit 1\nfi\n";
			showEnvVarsInLog = 0;
		};
		E2117BFD871981782668BD14 /* [CP] Copy Pods Resources */ = {
			isa = PBXShellScriptBuildPhase;
			buildActionMask = 2147483647;
			files = (
			);
			inputPaths = (
			);
			name = "[CP] Copy Pods Resources";
			outputPaths = (
			);
			runOnlyForDeploymentPostprocessing = 0;
			shellPath = /bin/sh;
			shellScript = "\"${SRCROOT}/Pods/Target Support Files/Pods-ladeBilenTests/Pods-ladeBilenTests-resources.sh\"\n";
			showEnvVarsInLog = 0;
		};
		E7BBF7AC4233CFD758F07B06 /* [CP] Embed Pods Frameworks */ = {
			isa = PBXShellScriptBuildPhase;
			buildActionMask = 2147483647;
			files = (
			);
			inputPaths = (
			);
			name = "[CP] Embed Pods Frameworks";
			outputPaths = (
			);
			runOnlyForDeploymentPostprocessing = 0;
			shellPath = /bin/sh;
			shellScript = "\"${SRCROOT}/Pods/Target Support Files/Pods-ladeBilenUITests/Pods-ladeBilenUITests-frameworks.sh\"\n";
			showEnvVarsInLog = 0;
		};
/* End PBXShellScriptBuildPhase section */

/* Begin PBXSourcesBuildPhase section */
		83F3546F1EEB0696001A278A /* Sources */ = {
			isa = PBXSourcesBuildPhase;
			buildActionMask = 2147483647;
			files = (
				8342E1801EED87170079888F /* searchViewController.swift in Sources */,
				83F354791EEB0696001A278A /* ViewController.swift in Sources */,
				83B720221EF7068F00AD00DE /* detailedSettingsTableViewController.swift in Sources */,
				8314E2321EF44DA300F98E3F /* styleExtentions.swift in Sources */,
				8314E2351EF44E3400F98E3F /* welcomeViewController.swift in Sources */,
				83F354771EEB0696001A278A /* AppDelegate.swift in Sources */,
				83ADDDEB1EF803E9006A6D2D /* welcomeNewViewController.swift in Sources */,
				83498D1C1EEB0B8300C3D92A /* navViewController.swift in Sources */,
				83469A881EEB0DF400D9AFC1 /* homeViewController.swift in Sources */,
				838F70911F005E230076019A /* playgroundViewController.swift in Sources */,
				83469A8A1EEB0E0600D9AFC1 /* favoritesViewController.swift in Sources */,
				8342E17E1EED87010079888F /* settingsViewController.swift in Sources */,
				83B720241EF7119B00AD00DE /* editSettingsViewController.swift in Sources */,
				8381A7421F20E6C700F093A6 /* stationsViewController.swift in Sources */,
				8385F8C21F00614400619110 /* swipeControllerRefrence.swift in Sources */,
				8385F8C71F008C8700619110 /* loginViewController.swift in Sources */,
				83CB041E1F0199C600466503 /* testApiViewController.swift in Sources */,
			);
			runOnlyForDeploymentPostprocessing = 0;
		};
		83F354831EEB0697001A278A /* Sources */ = {
			isa = PBXSourcesBuildPhase;
			buildActionMask = 2147483647;
			files = (
				83F3548C1EEB0697001A278A /* ladeBilenTests.swift in Sources */,
			);
			runOnlyForDeploymentPostprocessing = 0;
		};
		83F3548E1EEB0697001A278A /* Sources */ = {
			isa = PBXSourcesBuildPhase;
			buildActionMask = 2147483647;
			files = (
				83F354971EEB0697001A278A /* ladeBilenUITests.swift in Sources */,
			);
			runOnlyForDeploymentPostprocessing = 0;
		};
/* End PBXSourcesBuildPhase section */

/* Begin PBXTargetDependency section */
		83F354891EEB0697001A278A /* PBXTargetDependency */ = {
			isa = PBXTargetDependency;
			target = 83F354721EEB0696001A278A /* ladeBilen */;
			targetProxy = 83F354881EEB0697001A278A /* PBXContainerItemProxy */;
		};
		83F354941EEB0697001A278A /* PBXTargetDependency */ = {
			isa = PBXTargetDependency;
			target = 83F354721EEB0696001A278A /* ladeBilen */;
			targetProxy = 83F354931EEB0697001A278A /* PBXContainerItemProxy */;
		};
/* End PBXTargetDependency section */

/* Begin PBXVariantGroup section */
		83F3547A1EEB0696001A278A /* Main.storyboard */ = {
			isa = PBXVariantGroup;
			children = (
				83F3547B1EEB0696001A278A /* Base */,
			);
			name = Main.storyboard;
			sourceTree = "<group>";
		};
		83F3547F1EEB0696001A278A /* LaunchScreen.storyboard */ = {
			isa = PBXVariantGroup;
			children = (
				83F354801EEB0696001A278A /* Base */,
			);
			name = LaunchScreen.storyboard;
			sourceTree = "<group>";
		};
/* End PBXVariantGroup section */

/* Begin XCBuildConfiguration section */
		83F354991EEB0697001A278A /* Debug */ = {
			isa = XCBuildConfiguration;
			buildSettings = {
				ALWAYS_SEARCH_USER_PATHS = NO;
				CLANG_ANALYZER_NONNULL = YES;
				CLANG_ANALYZER_NUMBER_OBJECT_CONVERSION = YES_AGGRESSIVE;
				CLANG_CXX_LANGUAGE_STANDARD = "gnu++0x";
				CLANG_CXX_LIBRARY = "libc++";
				CLANG_ENABLE_MODULES = YES;
				CLANG_ENABLE_OBJC_ARC = YES;
				CLANG_WARN_BOOL_CONVERSION = YES;
				CLANG_WARN_CONSTANT_CONVERSION = YES;
				CLANG_WARN_DIRECT_OBJC_ISA_USAGE = YES_ERROR;
				CLANG_WARN_DOCUMENTATION_COMMENTS = YES;
				CLANG_WARN_EMPTY_BODY = YES;
				CLANG_WARN_ENUM_CONVERSION = YES;
				CLANG_WARN_INFINITE_RECURSION = YES;
				CLANG_WARN_INT_CONVERSION = YES;
				CLANG_WARN_OBJC_ROOT_CLASS = YES_ERROR;
				CLANG_WARN_SUSPICIOUS_MOVE = YES;
				CLANG_WARN_UNREACHABLE_CODE = YES;
				CLANG_WARN__DUPLICATE_METHOD_MATCH = YES;
				"CODE_SIGN_IDENTITY[sdk=iphoneos*]" = "iPhone Developer";
				COPY_PHASE_STRIP = NO;
				DEBUG_INFORMATION_FORMAT = dwarf;
				ENABLE_STRICT_OBJC_MSGSEND = YES;
				ENABLE_TESTABILITY = YES;
				GCC_C_LANGUAGE_STANDARD = gnu99;
				GCC_DYNAMIC_NO_PIC = NO;
				GCC_NO_COMMON_BLOCKS = YES;
				GCC_OPTIMIZATION_LEVEL = 0;
				GCC_PREPROCESSOR_DEFINITIONS = (
					"DEBUG=1",
					"$(inherited)",
				);
				GCC_WARN_64_TO_32_BIT_CONVERSION = YES;
				GCC_WARN_ABOUT_RETURN_TYPE = YES_ERROR;
				GCC_WARN_UNDECLARED_SELECTOR = YES;
				GCC_WARN_UNINITIALIZED_AUTOS = YES_AGGRESSIVE;
				GCC_WARN_UNUSED_FUNCTION = YES;
				GCC_WARN_UNUSED_VARIABLE = YES;
				IPHONEOS_DEPLOYMENT_TARGET = 10.3;
				MTL_ENABLE_DEBUG_INFO = YES;
				ONLY_ACTIVE_ARCH = YES;
				SDKROOT = iphoneos;
				SWIFT_ACTIVE_COMPILATION_CONDITIONS = DEBUG;
				SWIFT_OPTIMIZATION_LEVEL = "-Onone";
			};
			name = Debug;
		};
		83F3549A1EEB0697001A278A /* Release */ = {
			isa = XCBuildConfiguration;
			buildSettings = {
				ALWAYS_SEARCH_USER_PATHS = NO;
				CLANG_ANALYZER_NONNULL = YES;
				CLANG_ANALYZER_NUMBER_OBJECT_CONVERSION = YES_AGGRESSIVE;
				CLANG_CXX_LANGUAGE_STANDARD = "gnu++0x";
				CLANG_CXX_LIBRARY = "libc++";
				CLANG_ENABLE_MODULES = YES;
				CLANG_ENABLE_OBJC_ARC = YES;
				CLANG_WARN_BOOL_CONVERSION = YES;
				CLANG_WARN_CONSTANT_CONVERSION = YES;
				CLANG_WARN_DIRECT_OBJC_ISA_USAGE = YES_ERROR;
				CLANG_WARN_DOCUMENTATION_COMMENTS = YES;
				CLANG_WARN_EMPTY_BODY = YES;
				CLANG_WARN_ENUM_CONVERSION = YES;
				CLANG_WARN_INFINITE_RECURSION = YES;
				CLANG_WARN_INT_CONVERSION = YES;
				CLANG_WARN_OBJC_ROOT_CLASS = YES_ERROR;
				CLANG_WARN_SUSPICIOUS_MOVE = YES;
				CLANG_WARN_UNREACHABLE_CODE = YES;
				CLANG_WARN__DUPLICATE_METHOD_MATCH = YES;
				"CODE_SIGN_IDENTITY[sdk=iphoneos*]" = "iPhone Developer";
				COPY_PHASE_STRIP = NO;
				DEBUG_INFORMATION_FORMAT = "dwarf-with-dsym";
				ENABLE_NS_ASSERTIONS = NO;
				ENABLE_STRICT_OBJC_MSGSEND = YES;
				GCC_C_LANGUAGE_STANDARD = gnu99;
				GCC_NO_COMMON_BLOCKS = YES;
				GCC_WARN_64_TO_32_BIT_CONVERSION = YES;
				GCC_WARN_ABOUT_RETURN_TYPE = YES_ERROR;
				GCC_WARN_UNDECLARED_SELECTOR = YES;
				GCC_WARN_UNINITIALIZED_AUTOS = YES_AGGRESSIVE;
				GCC_WARN_UNUSED_FUNCTION = YES;
				GCC_WARN_UNUSED_VARIABLE = YES;
				IPHONEOS_DEPLOYMENT_TARGET = 10.3;
				MTL_ENABLE_DEBUG_INFO = NO;
				SDKROOT = iphoneos;
				SWIFT_OPTIMIZATION_LEVEL = "-Owholemodule";
				VALIDATE_PRODUCT = YES;
			};
			name = Release;
		};
		83F3549C1EEB0697001A278A /* Debug */ = {
			isa = XCBuildConfiguration;
			baseConfigurationReference = 56C3BD95A982F1DB28336552 /* Pods-ladeBilen.debug.xcconfig */;
			buildSettings = {
				ASSETCATALOG_COMPILER_APPICON_NAME = AppIcon;
				DEVELOPMENT_TEAM = 2X8N6D5K7V;
				INFOPLIST_FILE = ladeBilen/Info.plist;
				IPHONEOS_DEPLOYMENT_TARGET = 9.3;
				LD_RUNPATH_SEARCH_PATHS = "$(inherited) @executable_path/Frameworks";
				PRODUCT_BUNDLE_IDENTIFIER = luelProd.ladeBilen;
				PRODUCT_NAME = "$(TARGET_NAME)";
				SWIFT_VERSION = 3.0;
			};
			name = Debug;
		};
		83F3549D1EEB0697001A278A /* Release */ = {
			isa = XCBuildConfiguration;
			baseConfigurationReference = DC9EF150DA9B89419D446B17 /* Pods-ladeBilen.release.xcconfig */;
			buildSettings = {
				ASSETCATALOG_COMPILER_APPICON_NAME = AppIcon;
				DEVELOPMENT_TEAM = 2X8N6D5K7V;
				INFOPLIST_FILE = ladeBilen/Info.plist;
				IPHONEOS_DEPLOYMENT_TARGET = 9.3;
				LD_RUNPATH_SEARCH_PATHS = "$(inherited) @executable_path/Frameworks";
				PRODUCT_BUNDLE_IDENTIFIER = luelProd.ladeBilen;
				PRODUCT_NAME = "$(TARGET_NAME)";
				SWIFT_VERSION = 3.0;
			};
			name = Release;
		};
		83F3549F1EEB0697001A278A /* Debug */ = {
			isa = XCBuildConfiguration;
			baseConfigurationReference = 71177A21211319348367BC64 /* Pods-ladeBilenTests.debug.xcconfig */;
			buildSettings = {
				ALWAYS_EMBED_SWIFT_STANDARD_LIBRARIES = YES;
				BUNDLE_LOADER = "$(TEST_HOST)";
				DEVELOPMENT_TEAM = 2X8N6D5K7V;
				INFOPLIST_FILE = ladeBilenTests/Info.plist;
				LD_RUNPATH_SEARCH_PATHS = "$(inherited) @executable_path/Frameworks @loader_path/Frameworks";
				PRODUCT_BUNDLE_IDENTIFIER = luelProd.ladeBilenTests;
				PRODUCT_NAME = "$(TARGET_NAME)";
				SWIFT_VERSION = 3.0;
				TEST_HOST = "$(BUILT_PRODUCTS_DIR)/ladeBilen.app/ladeBilen";
			};
			name = Debug;
		};
		83F354A01EEB0697001A278A /* Release */ = {
			isa = XCBuildConfiguration;
			baseConfigurationReference = 195161A362649329F8C1E31F /* Pods-ladeBilenTests.release.xcconfig */;
			buildSettings = {
				ALWAYS_EMBED_SWIFT_STANDARD_LIBRARIES = YES;
				BUNDLE_LOADER = "$(TEST_HOST)";
				DEVELOPMENT_TEAM = 2X8N6D5K7V;
				INFOPLIST_FILE = ladeBilenTests/Info.plist;
				LD_RUNPATH_SEARCH_PATHS = "$(inherited) @executable_path/Frameworks @loader_path/Frameworks";
				PRODUCT_BUNDLE_IDENTIFIER = luelProd.ladeBilenTests;
				PRODUCT_NAME = "$(TARGET_NAME)";
				SWIFT_VERSION = 3.0;
				TEST_HOST = "$(BUILT_PRODUCTS_DIR)/ladeBilen.app/ladeBilen";
			};
			name = Release;
		};
		83F354A21EEB0697001A278A /* Debug */ = {
			isa = XCBuildConfiguration;
			baseConfigurationReference = DFCF9A4B9C38A92BB5C6750D /* Pods-ladeBilenUITests.debug.xcconfig */;
			buildSettings = {
				ALWAYS_EMBED_SWIFT_STANDARD_LIBRARIES = YES;
				DEVELOPMENT_TEAM = 2X8N6D5K7V;
				INFOPLIST_FILE = ladeBilenUITests/Info.plist;
				LD_RUNPATH_SEARCH_PATHS = "$(inherited) @executable_path/Frameworks @loader_path/Frameworks";
				PRODUCT_BUNDLE_IDENTIFIER = luelProd.ladeBilenUITests;
				PRODUCT_NAME = "$(TARGET_NAME)";
				SWIFT_VERSION = 3.0;
				TEST_TARGET_NAME = ladeBilen;
			};
			name = Debug;
		};
		83F354A31EEB0697001A278A /* Release */ = {
			isa = XCBuildConfiguration;
			baseConfigurationReference = A11AA552B6632E680D391088 /* Pods-ladeBilenUITests.release.xcconfig */;
			buildSettings = {
				ALWAYS_EMBED_SWIFT_STANDARD_LIBRARIES = YES;
				DEVELOPMENT_TEAM = 2X8N6D5K7V;
				INFOPLIST_FILE = ladeBilenUITests/Info.plist;
				LD_RUNPATH_SEARCH_PATHS = "$(inherited) @executable_path/Frameworks @loader_path/Frameworks";
				PRODUCT_BUNDLE_IDENTIFIER = luelProd.ladeBilenUITests;
				PRODUCT_NAME = "$(TARGET_NAME)";
				SWIFT_VERSION = 3.0;
				TEST_TARGET_NAME = ladeBilen;
			};
			name = Release;
		};
/* End XCBuildConfiguration section */

/* Begin XCConfigurationList section */
		83F3546E1EEB0696001A278A /* Build configuration list for PBXProject "ladeBilen" */ = {
			isa = XCConfigurationList;
			buildConfigurations = (
				83F354991EEB0697001A278A /* Debug */,
				83F3549A1EEB0697001A278A /* Release */,
			);
			defaultConfigurationIsVisible = 0;
			defaultConfigurationName = Release;
		};
		83F3549B1EEB0697001A278A /* Build configuration list for PBXNativeTarget "ladeBilen" */ = {
			isa = XCConfigurationList;
			buildConfigurations = (
				83F3549C1EEB0697001A278A /* Debug */,
				83F3549D1EEB0697001A278A /* Release */,
			);
			defaultConfigurationIsVisible = 0;
			defaultConfigurationName = Release;
		};
		83F3549E1EEB0697001A278A /* Build configuration list for PBXNativeTarget "ladeBilenTests" */ = {
			isa = XCConfigurationList;
			buildConfigurations = (
				83F3549F1EEB0697001A278A /* Debug */,
				83F354A01EEB0697001A278A /* Release */,
			);
			defaultConfigurationIsVisible = 0;
			defaultConfigurationName = Release;
		};
		83F354A11EEB0697001A278A /* Build configuration list for PBXNativeTarget "ladeBilenUITests" */ = {
			isa = XCConfigurationList;
			buildConfigurations = (
				83F354A21EEB0697001A278A /* Debug */,
				83F354A31EEB0697001A278A /* Release */,
			);
			defaultConfigurationIsVisible = 0;
			defaultConfigurationName = Release;
		};
/* End XCConfigurationList section */
	};
	rootObject = 83F3546B1EEB0696001A278A /* Project object */;
}
